
Microsoft Visual Studio Solution File, Format Version 12.00
# Visual Studio Version 17
VisualStudioVersion = 17.1.32210.238
MinimumVisualStudioVersion = 10.0.40219.1
Project("{FAE04EC0-301F-11D3-BF4B-00C04F79EFBC}") = "TP_Mod2_Ananda Ardian_1302194049", "TP_Mod2_Ananda Ardian_1302194049\TP_Mod2_Ananda Ardian_1302194049.csproj", "{37A1BF33-408C-4705-A32C-0847F05DE6F8}"
EndProject
Global
	GlobalSection(SolutionConfigurationPlatforms) = preSolution
		Debug|Any CPU = Debug|Any CPU
		Release|Any CPU = Release|Any CPU
	EndGlobalSection
	GlobalSection(ProjectConfigurationPlatforms) = postSolution
		{37A1BF33-408C-4705-A32C-0847F05DE6F8}.Debug|Any CPU.ActiveCfg = Debug|Any CPU
		{37A1BF33-408C-4705-A32C-0847F05DE6F8}.Debug|Any CPU.Build.0 = Debug|Any CPU
		{37A1BF33-408C-4705-A32C-0847F05DE6F8}.Release|Any CPU.ActiveCfg = Release|Any CPU
		{37A1BF33-408C-4705-A32C-0847F05DE6F8}.Release|Any CPU.Build.0 = Release|Any CPU
	EndGlobalSection
	GlobalSection(SolutionProperties) = preSolution
		HideSolutionNode = FALSE
	EndGlobalSection
	GlobalSection(ExtensibilityGlobals) = postSolution
		SolutionGuid = {441B8B89-A92B-4B53-B42D-7D08EFEAC7A0}
	EndGlobalSection
EndGlobal
